// !$*UTF8*$!
{
	archiveVersion = 1;
	classes = {
	};
	objectVersion = 50;
	objects = {

/* Begin PBXBuildFile section */
		E03D3601212AF1E100BBD42A /* OSSOGatt.swift in Sources */ = {isa = PBXBuildFile; fileRef = E03D3600212AF1E100BBD42A /* OSSOGatt.swift */; };
		E03D3603212AF23B00BBD42A /* OSSOUUIDs.swift in Sources */ = {isa = PBXBuildFile; fileRef = E03D3602212AF23B00BBD42A /* OSSOUUIDs.swift */; };
		E06CD5A921D3CD9000B96BD7 /* DashboardViewModel.swift in Sources */ = {isa = PBXBuildFile; fileRef = E06CD5A821D3CD9000B96BD7 /* DashboardViewModel.swift */; };
		E0AFD4EE21C02DD6006B6553 /* OssoDeviceTableViewCell.swift in Sources */ = {isa = PBXBuildFile; fileRef = E0AFD4ED21C02DD6006B6553 /* OssoDeviceTableViewCell.swift */; };
		E0AFD4F121C064EB006B6553 /* DashboardViewController.swift in Sources */ = {isa = PBXBuildFile; fileRef = E0AFD4F021C064EB006B6553 /* DashboardViewController.swift */; };
		E0AFD4F321C06A1C006B6553 /* SensorTableViewCell.swift in Sources */ = {isa = PBXBuildFile; fileRef = E0AFD4F221C06A1C006B6553 /* SensorTableViewCell.swift */; };
		E0B2E98C21C8057D007B5ADF /* OSSO.swift in Sources */ = {isa = PBXBuildFile; fileRef = E0B2E98B21C8057D007B5ADF /* OSSO.swift */; };
		E0B7B6F5212451B5007408A9 /* AppDelegate.swift in Sources */ = {isa = PBXBuildFile; fileRef = E0B7B6F4212451B5007408A9 /* AppDelegate.swift */; };
		E0B7B6F7212451B5007408A9 /* ViewController.swift in Sources */ = {isa = PBXBuildFile; fileRef = E0B7B6F6212451B5007408A9 /* ViewController.swift */; };
		E0B7B6FA212451B5007408A9 /* Main.storyboard in Resources */ = {isa = PBXBuildFile; fileRef = E0B7B6F8212451B5007408A9 /* Main.storyboard */; };
		E0B7B6FC212451B6007408A9 /* Assets.xcassets in Resources */ = {isa = PBXBuildFile; fileRef = E0B7B6FB212451B6007408A9 /* Assets.xcassets */; };
		E0B7B6FF212451B6007408A9 /* LaunchScreen.storyboard in Resources */ = {isa = PBXBuildFile; fileRef = E0B7B6FD212451B6007408A9 /* LaunchScreen.storyboard */; };
		E0C635EC21C2EDBB00BE3BF0 /* MenuLevelController.swift in Sources */ = {isa = PBXBuildFile; fileRef = E0C635EB21C2EDBB00BE3BF0 /* MenuLevelController.swift */; };
		E0EF2D2421385155006B17F4 /* OSSDeviceManager.swift in Sources */ = {isa = PBXBuildFile; fileRef = E0EF2D2321385155006B17F4 /* OSSDeviceManager.swift */; };
		E0EF2D2821385219006B17F4 /* Bindable.swift in Sources */ = {isa = PBXBuildFile; fileRef = E0EF2D2721385219006B17F4 /* Bindable.swift */; };
		E0EF2D2D213860F0006B17F4 /* DeviceFinderViewController.swift in Sources */ = {isa = PBXBuildFile; fileRef = E0EF2D2C213860F0006B17F4 /* DeviceFinderViewController.swift */; };
		E0EF2D3121386110006B17F4 /* DeviceFinderViewModel.swift in Sources */ = {isa = PBXBuildFile; fileRef = E0EF2D3021386110006B17F4 /* DeviceFinderViewModel.swift */; };
		E0EF2D3421386195006B17F4 /* GPSViewerViewController.swift in Sources */ = {isa = PBXBuildFile; fileRef = E0EF2D3321386195006B17F4 /* GPSViewerViewController.swift */; };
		E0EF2D36213861CF006B17F4 /* GPSViewerViewModel.swift in Sources */ = {isa = PBXBuildFile; fileRef = E0EF2D35213861CF006B17F4 /* GPSViewerViewModel.swift */; };
		E0EF2D39213861EA006B17F4 /* SensorViewViewController.swift in Sources */ = {isa = PBXBuildFile; fileRef = E0EF2D38213861EA006B17F4 /* SensorViewViewController.swift */; };
		E0EF2D3B213861F9006B17F4 /* SensorViewViewModel.swift in Sources */ = {isa = PBXBuildFile; fileRef = E0EF2D3A213861F9006B17F4 /* SensorViewViewModel.swift */; };
		F8ACA5EDD9F7BCAA809DEEAC /* Pods_OSSO.framework in Frameworks */ = {isa = PBXBuildFile; fileRef = C86D7CADB2B517DDB1FB9392 /* Pods_OSSO.framework */; };
/* End PBXBuildFile section */

/* Begin PBXFileReference section */
		361D59ADDE1EBA6D30D5EB44 /* Pods-OSSO.debug.xcconfig */ = {isa = PBXFileReference; includeInIndex = 1; lastKnownFileType = text.xcconfig; name = "Pods-OSSO.debug.xcconfig"; path = "Pods/Target Support Files/Pods-OSSO/Pods-OSSO.debug.xcconfig"; sourceTree = "<group>"; };
		88ACE717952A7CB2FE734F88 /* Pods-OSSO.release.xcconfig */ = {isa = PBXFileReference; includeInIndex = 1; lastKnownFileType = text.xcconfig; name = "Pods-OSSO.release.xcconfig"; path = "Pods/Target Support Files/Pods-OSSO/Pods-OSSO.release.xcconfig"; sourceTree = "<group>"; };
		C86D7CADB2B517DDB1FB9392 /* Pods_OSSO.framework */ = {isa = PBXFileReference; explicitFileType = wrapper.framework; includeInIndex = 0; path = Pods_OSSO.framework; sourceTree = BUILT_PRODUCTS_DIR; };
		E03D3600212AF1E100BBD42A /* OSSOGatt.swift */ = {isa = PBXFileReference; lastKnownFileType = sourcecode.swift; path = OSSOGatt.swift; sourceTree = "<group>"; };
		E03D3602212AF23B00BBD42A /* OSSOUUIDs.swift */ = {isa = PBXFileReference; lastKnownFileType = sourcecode.swift; path = OSSOUUIDs.swift; sourceTree = "<group>"; };
		E06CD5A821D3CD9000B96BD7 /* DashboardViewModel.swift */ = {isa = PBXFileReference; lastKnownFileType = sourcecode.swift; path = DashboardViewModel.swift; sourceTree = "<group>"; };
		E0AFD4ED21C02DD6006B6553 /* OssoDeviceTableViewCell.swift */ = {isa = PBXFileReference; lastKnownFileType = sourcecode.swift; path = OssoDeviceTableViewCell.swift; sourceTree = "<group>"; };
		E0AFD4F021C064EB006B6553 /* DashboardViewController.swift */ = {isa = PBXFileReference; lastKnownFileType = sourcecode.swift; path = DashboardViewController.swift; sourceTree = "<group>"; };
		E0AFD4F221C06A1C006B6553 /* SensorTableViewCell.swift */ = {isa = PBXFileReference; lastKnownFileType = sourcecode.swift; path = SensorTableViewCell.swift; sourceTree = "<group>"; };
		E0B2E98B21C8057D007B5ADF /* OSSO.swift */ = {isa = PBXFileReference; lastKnownFileType = sourcecode.swift; path = OSSO.swift; sourceTree = "<group>"; };
		E0B7B6F1212451B5007408A9 /* OSSO.app */ = {isa = PBXFileReference; explicitFileType = wrapper.application; includeInIndex = 0; path = OSSO.app; sourceTree = BUILT_PRODUCTS_DIR; };
		E0B7B6F4212451B5007408A9 /* AppDelegate.swift */ = {isa = PBXFileReference; lastKnownFileType = sourcecode.swift; path = AppDelegate.swift; sourceTree = "<group>"; };
		E0B7B6F6212451B5007408A9 /* ViewController.swift */ = {isa = PBXFileReference; lastKnownFileType = sourcecode.swift; path = ViewController.swift; sourceTree = "<group>"; };
		E0B7B6F9212451B5007408A9 /* Base */ = {isa = PBXFileReference; lastKnownFileType = file.storyboard; name = Base; path = Base.lproj/Main.storyboard; sourceTree = "<group>"; };
		E0B7B6FB212451B6007408A9 /* Assets.xcassets */ = {isa = PBXFileReference; lastKnownFileType = folder.assetcatalog; path = Assets.xcassets; sourceTree = "<group>"; };
		E0B7B6FE212451B6007408A9 /* Base */ = {isa = PBXFileReference; lastKnownFileType = file.storyboard; name = Base; path = Base.lproj/LaunchScreen.storyboard; sourceTree = "<group>"; };
		E0B7B700212451B6007408A9 /* Info.plist */ = {isa = PBXFileReference; lastKnownFileType = text.plist.xml; path = Info.plist; sourceTree = "<group>"; };
		E0C635EB21C2EDBB00BE3BF0 /* MenuLevelController.swift */ = {isa = PBXFileReference; lastKnownFileType = sourcecode.swift; path = MenuLevelController.swift; sourceTree = "<group>"; };
		E0EF2D2321385155006B17F4 /* OSSDeviceManager.swift */ = {isa = PBXFileReference; lastKnownFileType = sourcecode.swift; path = OSSDeviceManager.swift; sourceTree = "<group>"; };
		E0EF2D2721385219006B17F4 /* Bindable.swift */ = {isa = PBXFileReference; lastKnownFileType = sourcecode.swift; path = Bindable.swift; sourceTree = "<group>"; };
		E0EF2D2C213860F0006B17F4 /* DeviceFinderViewController.swift */ = {isa = PBXFileReference; lastKnownFileType = sourcecode.swift; path = DeviceFinderViewController.swift; sourceTree = "<group>"; };
		E0EF2D3021386110006B17F4 /* DeviceFinderViewModel.swift */ = {isa = PBXFileReference; lastKnownFileType = sourcecode.swift; path = DeviceFinderViewModel.swift; sourceTree = "<group>"; };
		E0EF2D3321386195006B17F4 /* GPSViewerViewController.swift */ = {isa = PBXFileReference; lastKnownFileType = sourcecode.swift; path = GPSViewerViewController.swift; sourceTree = "<group>"; };
		E0EF2D35213861CF006B17F4 /* GPSViewerViewModel.swift */ = {isa = PBXFileReference; lastKnownFileType = sourcecode.swift; path = GPSViewerViewModel.swift; sourceTree = "<group>"; };
		E0EF2D38213861EA006B17F4 /* SensorViewViewController.swift */ = {isa = PBXFileReference; lastKnownFileType = sourcecode.swift; path = SensorViewViewController.swift; sourceTree = "<group>"; };
		E0EF2D3A213861F9006B17F4 /* SensorViewViewModel.swift */ = {isa = PBXFileReference; lastKnownFileType = sourcecode.swift; path = SensorViewViewModel.swift; sourceTree = "<group>"; };
/* End PBXFileReference section */

/* Begin PBXFrameworksBuildPhase section */
		E0B7B6EE212451B5007408A9 /* Frameworks */ = {
			isa = PBXFrameworksBuildPhase;
			buildActionMask = 2147483647;
			files = (
				F8ACA5EDD9F7BCAA809DEEAC /* Pods_OSSO.framework in Frameworks */,
			);
			runOnlyForDeploymentPostprocessing = 0;
		};
/* End PBXFrameworksBuildPhase section */

/* Begin PBXGroup section */
		80B7A81C09C149573507803C /* Pods */ = {
			isa = PBXGroup;
			children = (
				361D59ADDE1EBA6D30D5EB44 /* Pods-OSSO.debug.xcconfig */,
				88ACE717952A7CB2FE734F88 /* Pods-OSSO.release.xcconfig */,
			);
			name = Pods;
			sourceTree = "<group>";
		};
		D2881C0C0E028C006412F626 /* Frameworks */ = {
			isa = PBXGroup;
			children = (
				C86D7CADB2B517DDB1FB9392 /* Pods_OSSO.framework */,
			);
			name = Frameworks;
			sourceTree = "<group>";
		};
		E06CD59421CBC31500B96BD7 /* Views */ = {
			isa = PBXGroup;
			children = (
			);
			path = Views;
			sourceTree = "<group>";
		};
		E06CD59521CBC32900B96BD7 /* ViewController */ = {
			isa = PBXGroup;
			children = (
				E0EF2D3321386195006B17F4 /* GPSViewerViewController.swift */,
			);
			path = ViewController;
			sourceTree = "<group>";
		};
		E06CD59621CBC33000B96BD7 /* ViewModel */ = {
			isa = PBXGroup;
			children = (
				E0EF2D35213861CF006B17F4 /* GPSViewerViewModel.swift */,
			);
			path = ViewModel;
			sourceTree = "<group>";
		};
		E06CD59721CBC82B00B96BD7 /* Views */ = {
			isa = PBXGroup;
			children = (
				E0AFD4F221C06A1C006B6553 /* SensorTableViewCell.swift */,
			);
			path = Views;
			sourceTree = "<group>";
		};
		E06CD59821CBC83800B96BD7 /* ViewController */ = {
			isa = PBXGroup;
			children = (
				E0AFD4F021C064EB006B6553 /* DashboardViewController.swift */,
			);
			path = ViewController;
			sourceTree = "<group>";
		};
		E06CD59921CBC84300B96BD7 /* ViewModel */ = {
			isa = PBXGroup;
			children = (
				E06CD5A821D3CD9000B96BD7 /* DashboardViewModel.swift */,
			);
			path = ViewModel;
			sourceTree = "<group>";
		};
		E06CD5A221CFF80700B96BD7 /* Supporting */ = {
			isa = PBXGroup;
			children = (
				E06CD5A321CFF82700B96BD7 /* OLD */,
				E0B7B6F4212451B5007408A9 /* AppDelegate.swift */,
				E0B7B6FB212451B6007408A9 /* Assets.xcassets */,
				E0B7B6FD212451B6007408A9 /* LaunchScreen.storyboard */,
				E0B7B6F6212451B5007408A9 /* ViewController.swift */,
			);
			path = Supporting;
			sourceTree = "<group>";
		};
		E06CD5A321CFF82700B96BD7 /* OLD */ = {
			isa = PBXGroup;
			children = (
				E0EF2D37213861D3006B17F4 /* Sensor View */,
			);
			path = OLD;
			sourceTree = "<group>";
		};
		E06CD5A421CFF88A00B96BD7 /* Views */ = {
			isa = PBXGroup;
			children = (
				E0AFD4ED21C02DD6006B6553 /* OssoDeviceTableViewCell.swift */,
			);
			path = Views;
			sourceTree = "<group>";
		};
		E06CD5A521CFF89700B96BD7 /* ViewModel */ = {
			isa = PBXGroup;
			children = (
				E0EF2D3021386110006B17F4 /* DeviceFinderViewModel.swift */,
			);
			path = ViewModel;
			sourceTree = "<group>";
		};
		E06CD5A621CFF89F00B96BD7 /* ViewController */ = {
			isa = PBXGroup;
			children = (
				E0EF2D2C213860F0006B17F4 /* DeviceFinderViewController.swift */,
			);
			path = ViewController;
			sourceTree = "<group>";
		};
		E06CD5A721CFF8DB00B96BD7 /* OSSO */ = {
			isa = PBXGroup;
			children = (
				E0B2E98B21C8057D007B5ADF /* OSSO.swift */,
				E0EF2D2321385155006B17F4 /* OSSDeviceManager.swift */,
			);
			path = OSSO;
			sourceTree = "<group>";
		};
		E0AFD4EF21C0641F006B6553 /* DashboardView */ = {
			isa = PBXGroup;
			children = (
				E06CD59821CBC83800B96BD7 /* ViewController */,
				E06CD59721CBC82B00B96BD7 /* Views */,
				E06CD59921CBC84300B96BD7 /* ViewModel */,
			);
			path = DashboardView;
			sourceTree = "<group>";
		};
		E0B7B6E8212451B5007408A9 = {
			isa = PBXGroup;
			children = (
				E0B7B6F3212451B5007408A9 /* OSSO */,
				E0B7B6F2212451B5007408A9 /* Products */,
				80B7A81C09C149573507803C /* Pods */,
				D2881C0C0E028C006412F626 /* Frameworks */,
			);
			sourceTree = "<group>";
		};
		E0B7B6F2212451B5007408A9 /* Products */ = {
			isa = PBXGroup;
			children = (
				E0B7B6F1212451B5007408A9 /* OSSO.app */,
			);
			name = Products;
			sourceTree = "<group>";
		};
		E0B7B6F3212451B5007408A9 /* OSSO */ = {
			isa = PBXGroup;
			children = (
				E0EF2D26213851F8006B17F4 /* Utitlity */,
				E0B7B6F8212451B5007408A9 /* Main.storyboard */,
				E0B7B700212451B6007408A9 /* Info.plist */,
				E0C635EB21C2EDBB00BE3BF0 /* MenuLevelController.swift */,
				E0EF2D2121384FFC006B17F4 /* ViewViewModel */,
				E0C2788421B56B9B00960970 /* Model */,
				E06CD5A221CFF80700B96BD7 /* Supporting */,
			);
			path = OSSO;
			sourceTree = "<group>";
		};
		E0C2788421B56B9B00960970 /* Model */ = {
			isa = PBXGroup;
			children = (
				E06CD5A721CFF8DB00B96BD7 /* OSSO */,
				E0EF2D2221385004006B17F4 /* Bluetooth */,
			);
			path = Model;
			sourceTree = "<group>";
		};
		E0EF2D2121384FFC006B17F4 /* ViewViewModel */ = {
			isa = PBXGroup;
			children = (
				E0AFD4EF21C0641F006B6553 /* DashboardView */,
				E0EF2D3221386173006B17F4 /* GPS Viewer */,
				E0EF2D29213860CE006B17F4 /* Device Finder */,
			);
			path = ViewViewModel;
			sourceTree = "<group>";
		};
		E0EF2D2221385004006B17F4 /* Bluetooth */ = {
			isa = PBXGroup;
			children = (
				E0EF2D25213851B0006B17F4 /* OSSOGatt */,
			);
			path = Bluetooth;
			sourceTree = "<group>";
		};
		E0EF2D25213851B0006B17F4 /* OSSOGatt */ = {
			isa = PBXGroup;
			children = (
				E03D3602212AF23B00BBD42A /* OSSOUUIDs.swift */,
				E03D3600212AF1E100BBD42A /* OSSOGatt.swift */,
			);
			path = OSSOGatt;
			sourceTree = "<group>";
		};
		E0EF2D26213851F8006B17F4 /* Utitlity */ = {
			isa = PBXGroup;
			children = (
				E0EF2D2721385219006B17F4 /* Bindable.swift */,
			);
			path = Utitlity;
			sourceTree = "<group>";
		};
		E0EF2D29213860CE006B17F4 /* Device Finder */ = {
			isa = PBXGroup;
			children = (
				E06CD5A621CFF89F00B96BD7 /* ViewController */,
				E06CD5A421CFF88A00B96BD7 /* Views */,
				E06CD5A521CFF89700B96BD7 /* ViewModel */,
			);
			path = "Device Finder";
			sourceTree = "<group>";
		};
		E0EF2D3221386173006B17F4 /* GPS Viewer */ = {
			isa = PBXGroup;
			children = (
				E06CD59521CBC32900B96BD7 /* ViewController */,
				E06CD59621CBC33000B96BD7 /* ViewModel */,
				E06CD59421CBC31500B96BD7 /* Views */,
			);
			path = "GPS Viewer";
			sourceTree = "<group>";
		};
		E0EF2D37213861D3006B17F4 /* Sensor View */ = {
			isa = PBXGroup;
			children = (
				E0EF2D38213861EA006B17F4 /* SensorViewViewController.swift */,
				E0EF2D3A213861F9006B17F4 /* SensorViewViewModel.swift */,
			);
			path = "Sensor View";
			sourceTree = "<group>";
		};
/* End PBXGroup section */

/* Begin PBXNativeTarget section */
		E0B7B6F0212451B5007408A9 /* OSSO */ = {
			isa = PBXNativeTarget;
			buildConfigurationList = E0B7B703212451B6007408A9 /* Build configuration list for PBXNativeTarget "OSSO" */;
			buildPhases = (
				FF0ACE99AF4E1174C49BC782 /* [CP] Check Pods Manifest.lock */,
				E0B7B6ED212451B5007408A9 /* Sources */,
				E0B7B6EE212451B5007408A9 /* Frameworks */,
				E0B7B6EF212451B5007408A9 /* Resources */,
				C68F58D4ADA4274F71ACD5F1 /* [CP] Embed Pods Frameworks */,
			);
			buildRules = (
			);
			dependencies = (
			);
			name = OSSO;
			productName = OSSO;
			productReference = E0B7B6F1212451B5007408A9 /* OSSO.app */;
			productType = "com.apple.product-type.application";
		};
/* End PBXNativeTarget section */

/* Begin PBXProject section */
		E0B7B6E9212451B5007408A9 /* Project object */ = {
			isa = PBXProject;
			attributes = {
				LastSwiftUpdateCheck = 0940;
				LastUpgradeCheck = 0940;
				ORGANIZATIONNAME = "Joe Bakalor";
				TargetAttributes = {
					E0B7B6F0212451B5007408A9 = {
						CreatedOnToolsVersion = 9.4.1;
						LastSwiftMigration = 1010;
					};
				};
			};
			buildConfigurationList = E0B7B6EC212451B5007408A9 /* Build configuration list for PBXProject "OSSO" */;
			compatibilityVersion = "Xcode 9.3";
			developmentRegion = en;
			hasScannedForEncodings = 0;
			knownRegions = (
				en,
				Base,
			);
			mainGroup = E0B7B6E8212451B5007408A9;
			productRefGroup = E0B7B6F2212451B5007408A9 /* Products */;
			projectDirPath = "";
			projectRoot = "";
			targets = (
				E0B7B6F0212451B5007408A9 /* OSSO */,
			);
		};
/* End PBXProject section */

/* Begin PBXResourcesBuildPhase section */
		E0B7B6EF212451B5007408A9 /* Resources */ = {
			isa = PBXResourcesBuildPhase;
			buildActionMask = 2147483647;
			files = (
				E0B7B6FF212451B6007408A9 /* LaunchScreen.storyboard in Resources */,
				E0B7B6FC212451B6007408A9 /* Assets.xcassets in Resources */,
				E0B7B6FA212451B5007408A9 /* Main.storyboard in Resources */,
			);
			runOnlyForDeploymentPostprocessing = 0;
		};
/* End PBXResourcesBuildPhase section */

/* Begin PBXShellScriptBuildPhase section */
		C68F58D4ADA4274F71ACD5F1 /* [CP] Embed Pods Frameworks */ = {
			isa = PBXShellScriptBuildPhase;
			buildActionMask = 2147483647;
			files = (
			);
			inputPaths = (
				"${SRCROOT}/Pods/Target Support Files/Pods-OSSO/Pods-OSSO-frameworks.sh",
				"${BUILT_PRODUCTS_DIR}/JABLE/JABLE.framework",
			);
			name = "[CP] Embed Pods Frameworks";
			outputPaths = (
				"${TARGET_BUILD_DIR}/${FRAMEWORKS_FOLDER_PATH}/JABLE.framework",
			);
			runOnlyForDeploymentPostprocessing = 0;
			shellPath = /bin/sh;
			shellScript = "\"${SRCROOT}/Pods/Target Support Files/Pods-OSSO/Pods-OSSO-frameworks.sh\"\n";
			showEnvVarsInLog = 0;
		};
		FF0ACE99AF4E1174C49BC782 /* [CP] Check Pods Manifest.lock */ = {
			isa = PBXShellScriptBuildPhase;
			buildActionMask = 2147483647;
			files = (
			);
			inputPaths = (
				"${PODS_PODFILE_DIR_PATH}/Podfile.lock",
				"${PODS_ROOT}/Manifest.lock",
			);
			name = "[CP] Check Pods Manifest.lock";
			outputPaths = (
				"$(DERIVED_FILE_DIR)/Pods-OSSO-checkManifestLockResult.txt",
			);
			runOnlyForDeploymentPostprocessing = 0;
			shellPath = /bin/sh;
			shellScript = "diff \"${PODS_PODFILE_DIR_PATH}/Podfile.lock\" \"${PODS_ROOT}/Manifest.lock\" > /dev/null\nif [ $? != 0 ] ; then\n    # print error to STDERR\n    echo \"error: The sandbox is not in sync with the Podfile.lock. Run 'pod install' or update your CocoaPods installation.\" >&2\n    exit 1\nfi\n# This output is used by Xcode 'outputs' to avoid re-running this script phase.\necho \"SUCCESS\" > \"${SCRIPT_OUTPUT_FILE_0}\"\n";
			showEnvVarsInLog = 0;
		};
/* End PBXShellScriptBuildPhase section */

/* Begin PBXSourcesBuildPhase section */
		E0B7B6ED212451B5007408A9 /* Sources */ = {
			isa = PBXSourcesBuildPhase;
			buildActionMask = 2147483647;
			files = (
				E0AFD4EE21C02DD6006B6553 /* OssoDeviceTableViewCell.swift in Sources */,
				E0AFD4F321C06A1C006B6553 /* SensorTableViewCell.swift in Sources */,
				E0AFD4F121C064EB006B6553 /* DashboardViewController.swift in Sources */,
				E06CD5A921D3CD9000B96BD7 /* DashboardViewModel.swift in Sources */,
				E0EF2D3421386195006B17F4 /* GPSViewerViewController.swift in Sources */,
				E03D3603212AF23B00BBD42A /* OSSOUUIDs.swift in Sources */,
				E0C635EC21C2EDBB00BE3BF0 /* MenuLevelController.swift in Sources */,
				E0EF2D39213861EA006B17F4 /* SensorViewViewController.swift in Sources */,
				E0B7B6F7212451B5007408A9 /* ViewController.swift in Sources */,
				E0EF2D36213861CF006B17F4 /* GPSViewerViewModel.swift in Sources */,
				E0EF2D3B213861F9006B17F4 /* SensorViewViewModel.swift in Sources */,
				E0EF2D3121386110006B17F4 /* DeviceFinderViewModel.swift in Sources */,
				E0EF2D2D213860F0006B17F4 /* DeviceFinderViewController.swift in Sources */,
				E0B2E98C21C8057D007B5ADF /* OSSO.swift in Sources */,
				E0EF2D2821385219006B17F4 /* Bindable.swift in Sources */,
				E0B7B6F5212451B5007408A9 /* AppDelegate.swift in Sources */,
				E0EF2D2421385155006B17F4 /* OSSDeviceManager.swift in Sources */,
				E03D3601212AF1E100BBD42A /* OSSOGatt.swift in Sources */,
			);
			runOnlyForDeploymentPostprocessing = 0;
		};
/* End PBXSourcesBuildPhase section */

/* Begin PBXVariantGroup section */
		E0B7B6F8212451B5007408A9 /* Main.storyboard */ = {
			isa = PBXVariantGroup;
			children = (
				E0B7B6F9212451B5007408A9 /* Base */,
			);
			name = Main.storyboard;
			sourceTree = "<group>";
		};
		E0B7B6FD212451B6007408A9 /* LaunchScreen.storyboard */ = {
			isa = PBXVariantGroup;
			children = (
				E0B7B6FE212451B6007408A9 /* Base */,
			);
			name = LaunchScreen.storyboard;
			sourceTree = "<group>";
		};
/* End PBXVariantGroup section */

/* Begin XCBuildConfiguration section */
		E0B7B701212451B6007408A9 /* Debug */ = {
			isa = XCBuildConfiguration;
			buildSettings = {
				ALWAYS_SEARCH_USER_PATHS = NO;
				CLANG_ANALYZER_NONNULL = YES;
				CLANG_ANALYZER_NUMBER_OBJECT_CONVERSION = YES_AGGRESSIVE;
				CLANG_CXX_LANGUAGE_STANDARD = "gnu++14";
				CLANG_CXX_LIBRARY = "libc++";
				CLANG_ENABLE_MODULES = YES;
				CLANG_ENABLE_OBJC_ARC = YES;
				CLANG_ENABLE_OBJC_WEAK = YES;
				CLANG_WARN_BLOCK_CAPTURE_AUTORELEASING = YES;
				CLANG_WARN_BOOL_CONVERSION = YES;
				CLANG_WARN_COMMA = YES;
				CLANG_WARN_CONSTANT_CONVERSION = YES;
				CLANG_WARN_DEPRECATED_OBJC_IMPLEMENTATIONS = YES;
				CLANG_WARN_DIRECT_OBJC_ISA_USAGE = YES_ERROR;
				CLANG_WARN_DOCUMENTATION_COMMENTS = YES;
				CLANG_WARN_EMPTY_BODY = YES;
				CLANG_WARN_ENUM_CONVERSION = YES;
				CLANG_WARN_INFINITE_RECURSION = YES;
				CLANG_WARN_INT_CONVERSION = YES;
				CLANG_WARN_NON_LITERAL_NULL_CONVERSION = YES;
				CLANG_WARN_OBJC_IMPLICIT_RETAIN_SELF = YES;
				CLANG_WARN_OBJC_LITERAL_CONVERSION = YES;
				CLANG_WARN_OBJC_ROOT_CLASS = YES_ERROR;
				CLANG_WARN_RANGE_LOOP_ANALYSIS = YES;
				CLANG_WARN_STRICT_PROTOTYPES = YES;
				CLANG_WARN_SUSPICIOUS_MOVE = YES;
				CLANG_WARN_UNGUARDED_AVAILABILITY = YES_AGGRESSIVE;
				CLANG_WARN_UNREACHABLE_CODE = YES;
				CLANG_WARN__DUPLICATE_METHOD_MATCH = YES;
				CODE_SIGN_IDENTITY = "iPhone Developer";
				COPY_PHASE_STRIP = NO;
				DEBUG_INFORMATION_FORMAT = dwarf;
				ENABLE_STRICT_OBJC_MSGSEND = YES;
				ENABLE_TESTABILITY = YES;
				GCC_C_LANGUAGE_STANDARD = gnu11;
				GCC_DYNAMIC_NO_PIC = NO;
				GCC_NO_COMMON_BLOCKS = YES;
				GCC_OPTIMIZATION_LEVEL = 0;
				GCC_PREPROCESSOR_DEFINITIONS = (
					"DEBUG=1",
					"$(inherited)",
				);
				GCC_WARN_64_TO_32_BIT_CONVERSION = YES;
				GCC_WARN_ABOUT_RETURN_TYPE = YES_ERROR;
				GCC_WARN_UNDECLARED_SELECTOR = YES;
				GCC_WARN_UNINITIALIZED_AUTOS = YES_AGGRESSIVE;
				GCC_WARN_UNUSED_FUNCTION = YES;
				GCC_WARN_UNUSED_VARIABLE = YES;
				IPHONEOS_DEPLOYMENT_TARGET = 11.4;
				MTL_ENABLE_DEBUG_INFO = YES;
				ONLY_ACTIVE_ARCH = YES;
				SDKROOT = iphoneos;
				SWIFT_ACTIVE_COMPILATION_CONDITIONS = DEBUG;
				SWIFT_OPTIMIZATION_LEVEL = "-Onone";
			};
			name = Debug;
		};
		E0B7B702212451B6007408A9 /* Release */ = {
			isa = XCBuildConfiguration;
			buildSettings = {
				ALWAYS_SEARCH_USER_PATHS = NO;
				CLANG_ANALYZER_NONNULL = YES;
				CLANG_ANALYZER_NUMBER_OBJECT_CONVERSION = YES_AGGRESSIVE;
				CLANG_CXX_LANGUAGE_STANDARD = "gnu++14";
				CLANG_CXX_LIBRARY = "libc++";
				CLANG_ENABLE_MODULES = YES;
				CLANG_ENABLE_OBJC_ARC = YES;
				CLANG_ENABLE_OBJC_WEAK = YES;
				CLANG_WARN_BLOCK_CAPTURE_AUTORELEASING = YES;
				CLANG_WARN_BOOL_CONVERSION = YES;
				CLANG_WARN_COMMA = YES;
				CLANG_WARN_CONSTANT_CONVERSION = YES;
				CLANG_WARN_DEPRECATED_OBJC_IMPLEMENTATIONS = YES;
				CLANG_WARN_DIRECT_OBJC_ISA_USAGE = YES_ERROR;
				CLANG_WARN_DOCUMENTATION_COMMENTS = YES;
				CLANG_WARN_EMPTY_BODY = YES;
				CLANG_WARN_ENUM_CONVERSION = YES;
				CLANG_WARN_INFINITE_RECURSION = YES;
				CLANG_WARN_INT_CONVERSION = YES;
				CLANG_WARN_NON_LITERAL_NULL_CONVERSION = YES;
				CLANG_WARN_OBJC_IMPLICIT_RETAIN_SELF = YES;
				CLANG_WARN_OBJC_LITERAL_CONVERSION = YES;
				CLANG_WARN_OBJC_ROOT_CLASS = YES_ERROR;
				CLANG_WARN_RANGE_LOOP_ANALYSIS = YES;
				CLANG_WARN_STRICT_PROTOTYPES = YES;
				CLANG_WARN_SUSPICIOUS_MOVE = YES;
				CLANG_WARN_UNGUARDED_AVAILABILITY = YES_AGGRESSIVE;
				CLANG_WARN_UNREACHABLE_CODE = YES;
				CLANG_WARN__DUPLICATE_METHOD_MATCH = YES;
				CODE_SIGN_IDENTITY = "iPhone Developer";
				COPY_PHASE_STRIP = NO;
				DEBUG_INFORMATION_FORMAT = "dwarf-with-dsym";
				ENABLE_NS_ASSERTIONS = NO;
				ENABLE_STRICT_OBJC_MSGSEND = YES;
				GCC_C_LANGUAGE_STANDARD = gnu11;
				GCC_NO_COMMON_BLOCKS = YES;
				GCC_WARN_64_TO_32_BIT_CONVERSION = YES;
				GCC_WARN_ABOUT_RETURN_TYPE = YES_ERROR;
				GCC_WARN_UNDECLARED_SELECTOR = YES;
				GCC_WARN_UNINITIALIZED_AUTOS = YES_AGGRESSIVE;
				GCC_WARN_UNUSED_FUNCTION = YES;
				GCC_WARN_UNUSED_VARIABLE = YES;
				IPHONEOS_DEPLOYMENT_TARGET = 11.4;
				MTL_ENABLE_DEBUG_INFO = NO;
				SDKROOT = iphoneos;
				SWIFT_COMPILATION_MODE = wholemodule;
				SWIFT_OPTIMIZATION_LEVEL = "-O";
				VALIDATE_PRODUCT = YES;
			};
			name = Release;
		};
		E0B7B704212451B6007408A9 /* Debug */ = {
			isa = XCBuildConfiguration;
			baseConfigurationReference = 361D59ADDE1EBA6D30D5EB44 /* Pods-OSSO.debug.xcconfig */;
			buildSettings = {
				ASSETCATALOG_COMPILER_APPICON_NAME = AppIcon;
				CODE_SIGN_STYLE = Automatic;
				DEVELOPMENT_TEAM = 7NFJS9H6QK;
				INFOPLIST_FILE = OSSO/Info.plist;
				IPHONEOS_DEPLOYMENT_TARGET = 11.3;
				LD_RUNPATH_SEARCH_PATHS = (
					"$(inherited)",
					"@executable_path/Frameworks",
				);
				PRODUCT_BUNDLE_IDENTIFIER = onceLabs.OSSO;
				PRODUCT_NAME = "$(TARGET_NAME)";
				SWIFT_VERSION = 4.2;
				TARGETED_DEVICE_FAMILY = "1,2";
			};
			name = Debug;
		};
		E0B7B705212451B6007408A9 /* Release */ = {
			isa = XCBuildConfiguration;
			baseConfigurationReference = 88ACE717952A7CB2FE734F88 /* Pods-OSSO.release.xcconfig */;
			buildSettings = {
				ASSETCATALOG_COMPILER_APPICON_NAME = AppIcon;
				CODE_SIGN_STYLE = Automatic;
				DEVELOPMENT_TEAM = 7NFJS9H6QK;
				INFOPLIST_FILE = OSSO/Info.plist;
				IPHONEOS_DEPLOYMENT_TARGET = 11.3;
				LD_RUNPATH_SEARCH_PATHS = (
					"$(inherited)",
					"@executable_path/Frameworks",
				);
				PRODUCT_BUNDLE_IDENTIFIER = onceLabs.OSSO;
				PRODUCT_NAME = "$(TARGET_NAME)";
				SWIFT_VERSION = 4.2;
				TARGETED_DEVICE_FAMILY = "1,2";
			};
			name = Release;
		};
/* End XCBuildConfiguration section */

/* Begin XCConfigurationList section */
		E0B7B6EC212451B5007408A9 /* Build configuration list for PBXProject "OSSO" */ = {
			isa = XCConfigurationList;
			buildConfigurations = (
				E0B7B701212451B6007408A9 /* Debug */,
				E0B7B702212451B6007408A9 /* Release */,
			);
			defaultConfigurationIsVisible = 0;
			defaultConfigurationName = Release;
		};
		E0B7B703212451B6007408A9 /* Build configuration list for PBXNativeTarget "OSSO" */ = {
			isa = XCConfigurationList;
			buildConfigurations = (
				E0B7B704212451B6007408A9 /* Debug */,
				E0B7B705212451B6007408A9 /* Release */,
			);
			defaultConfigurationIsVisible = 0;
			defaultConfigurationName = Release;
		};
/* End XCConfigurationList section */
	};
	rootObject = E0B7B6E9212451B5007408A9 /* Project object */;
}
